{
  "version": 4,
  "terraform_version": "1.4.5",
  "serial": 150,
  "lineage": "ab9c052f-0d20-9a41-6f0d-0e1c31ff2f08",
  "outputs": {},
  "resources": [
    {
      "mode": "managed",
      "type": "helm_release",
      "name": "keycloak",
      "provider": "provider[\"registry.terraform.io/hashicorp/helm\"]",
      "instances": [
        {
          "schema_version": 1,
          "attributes": {
            "atomic": false,
            "chart": "keycloak",
            "cleanup_on_fail": false,
            "create_namespace": false,
            "dependency_update": false,
            "description": null,
            "devel": null,
            "disable_crd_hooks": false,
            "disable_openapi_validation": false,
            "disable_webhooks": false,
            "force_update": false,
            "id": "keycloak",
            "keyring": null,
            "lint": false,
            "manifest": null,
            "max_history": 0,
            "metadata": [
              {
                "app_version": "21.1.1",
                "chart": "keycloak",
                "name": "keycloak",
                "namespace": "default",
                "revision": 1,
                "values": "{\"postgresql\":{\"auth\":{\"password\":\"authpassword\",\"postgresPassword\":\"mysecretpassword\",\"username\":\"pouya\"},\"postgresqlDatabase\":\"bitnami_keycloak\",\"postgresqlPassword\":\"mysecretpassword\",\"postgresqlUsername\":\"pouya\"}}",
                "version": "15.1.3"
              }
            ],
            "name": "keycloak",
            "namespace": "default",
            "pass_credentials": false,
            "postrender": [],
            "recreate_pods": false,
            "render_subchart_notes": true,
            "replace": false,
            "repository": "https://charts.bitnami.com/bitnami",
            "repository_ca_file": null,
            "repository_cert_file": null,
            "repository_key_file": null,
            "repository_password": null,
            "repository_username": null,
            "reset_values": false,
            "reuse_values": false,
            "set": [
              {
                "name": "postgresql.auth.password",
                "type": "",
                "value": "authpassword"
              },
              {
                "name": "postgresql.auth.postgresPassword",
                "type": "",
                "value": "mysecretpassword"
              },
              {
                "name": "postgresql.auth.username",
                "type": "",
                "value": "pouya"
              },
              {
                "name": "postgresql.postgresqlDatabase",
                "type": "",
                "value": "bitnami_keycloak"
              },
              {
                "name": "postgresql.postgresqlPassword",
                "type": "",
                "value": "mysecretpassword"
              },
              {
                "name": "postgresql.postgresqlUsername",
                "type": "",
                "value": "pouya"
              }
            ],
            "set_list": [],
            "set_sensitive": [],
            "skip_crds": false,
            "status": "deployed",
            "timeout": 300,
            "values": null,
            "verify": false,
            "version": "15.1.3",
            "wait": true,
            "wait_for_jobs": false
          },
          "sensitive_attributes": [],
          "private": "eyJzY2hlbWFfdmVyc2lvbiI6IjEifQ=="
        }
      ]
    }
  ],
  "check_results": null
}
