{
  "version": 4,
  "terraform_version": "1.4.6",
  "serial": 398,
  "lineage": "41460ba0-0cf8-c4e1-dd8e-00b60e922d43",
  "outputs": {},
  "resources": [
    {
      "mode": "managed",
      "type": "helm_release",
      "name": "istio_base",
      "provider": "provider[\"registry.terraform.io/hashicorp/helm\"]",
      "instances": [
        {
          "schema_version": 1,
          "attributes": {
            "atomic": false,
            "chart": "base",
            "cleanup_on_fail": false,
            "create_namespace": false,
            "dependency_update": false,
            "description": null,
            "devel": null,
            "disable_crd_hooks": false,
            "disable_openapi_validation": false,
            "disable_webhooks": false,
            "force_update": false,
            "id": "istio-base",
            "keyring": null,
            "lint": false,
            "manifest": null,
            "max_history": 0,
            "metadata": [
              {
                "app_version": "1.18.0",
                "chart": "base",
                "name": "istio-base",
                "namespace": "istio-system",
                "revision": 1,
                "values": "{\"defaultRevision\":\"default\"}",
                "version": "1.18.0"
              }
            ],
            "name": "istio-base",
            "namespace": "istio-system",
            "pass_credentials": false,
            "postrender": [],
            "recreate_pods": false,
            "render_subchart_notes": true,
            "replace": false,
            "repository": "https://istio-release.storage.googleapis.com/charts",
            "repository_ca_file": null,
            "repository_cert_file": null,
            "repository_key_file": null,
            "repository_password": null,
            "repository_username": null,
            "reset_values": false,
            "reuse_values": false,
            "set": [
              {
                "name": "defaultRevision",
                "type": "",
                "value": "default"
              }
            ],
            "set_list": [],
            "set_sensitive": [],
            "skip_crds": false,
            "status": "deployed",
            "timeout": 300,
            "values": null,
            "verify": false,
            "version": "1.18.0",
            "wait": true,
            "wait_for_jobs": false
          },
          "sensitive_attributes": [],
          "private": "eyJzY2hlbWFfdmVyc2lvbiI6IjEifQ==",
          "dependencies": [
            "kubernetes_namespace.istio_system"
          ]
        }
      ]
    },
    {
      "mode": "managed",
      "type": "helm_release",
      "name": "istiod",
      "provider": "provider[\"registry.terraform.io/hashicorp/helm\"]",
      "instances": [
        {
          "schema_version": 1,
          "attributes": {
            "atomic": false,
            "chart": "istiod",
            "cleanup_on_fail": false,
            "create_namespace": false,
            "dependency_update": false,
            "description": null,
            "devel": null,
            "disable_crd_hooks": false,
            "disable_openapi_validation": false,
            "disable_webhooks": false,
            "force_update": false,
            "id": "istiod",
            "keyring": null,
            "lint": false,
            "manifest": null,
            "max_history": 0,
            "metadata": [
              {
                "app_version": "1.18.0",
                "chart": "istiod",
                "name": "istiod",
                "namespace": "istio-system",
                "revision": 1,
                "values": "{}",
                "version": "1.18.0"
              }
            ],
            "name": "istiod",
            "namespace": "istio-system",
            "pass_credentials": false,
            "postrender": [],
            "recreate_pods": false,
            "render_subchart_notes": true,
            "replace": false,
            "repository": "https://istio-release.storage.googleapis.com/charts",
            "repository_ca_file": null,
            "repository_cert_file": null,
            "repository_key_file": null,
            "repository_password": null,
            "repository_username": null,
            "reset_values": false,
            "reuse_values": false,
            "set": [],
            "set_list": [],
            "set_sensitive": [],
            "skip_crds": false,
            "status": "deployed",
            "timeout": 300,
            "values": null,
            "verify": false,
            "version": "1.18.0",
            "wait": true,
            "wait_for_jobs": false
          },
          "sensitive_attributes": [],
          "private": "eyJzY2hlbWFfdmVyc2lvbiI6IjEifQ==",
          "dependencies": [
            "helm_release.istio_base",
            "kubernetes_namespace.istio_system"
          ]
        }
      ]
    },
    {
      "mode": "managed",
      "type": "helm_release",
      "name": "kiali",
      "provider": "provider[\"registry.terraform.io/hashicorp/helm\"]",
      "instances": [
        {
          "schema_version": 1,
          "attributes": {
            "atomic": false,
            "chart": "kiali-server",
            "cleanup_on_fail": false,
            "create_namespace": false,
            "dependency_update": false,
            "description": null,
            "devel": null,
            "disable_crd_hooks": false,
            "disable_openapi_validation": false,
            "disable_webhooks": false,
            "force_update": false,
            "id": "kiali",
            "keyring": null,
            "lint": false,
            "manifest": null,
            "max_history": 0,
            "metadata": [
              {
                "app_version": "v1.70.0",
                "chart": "kiali-server",
                "name": "kiali",
                "namespace": "istio-system",
                "revision": 1,
                "values": "{\"auth\":{\"strategy\":\"anonymous\"},\"external_services\":{\"prometheus\":{\"url\":\"http://prometheus-server.istio-system.svc.cluster.local:80\"}},\"ingress\":{\"enabled\":false}}",
                "version": "1.70.0"
              }
            ],
            "name": "kiali",
            "namespace": "istio-system",
            "pass_credentials": false,
            "postrender": [],
            "recreate_pods": false,
            "render_subchart_notes": true,
            "replace": false,
            "repository": "https://kiali.org/helm-charts",
            "repository_ca_file": null,
            "repository_cert_file": null,
            "repository_key_file": null,
            "repository_password": null,
            "repository_username": null,
            "reset_values": false,
            "reuse_values": false,
            "set": [
              {
                "name": "auth.strategy",
                "type": "",
                "value": "anonymous"
              },
              {
                "name": "external_services.prometheus.url",
                "type": "",
                "value": "http://prometheus-server.istio-system.svc.cluster.local:80"
              },
              {
                "name": "ingress.enabled",
                "type": "",
                "value": "false"
              }
            ],
            "set_list": [],
            "set_sensitive": [],
            "skip_crds": false,
            "status": "deployed",
            "timeout": 300,
            "values": null,
            "verify": false,
            "version": "1.70.0",
            "wait": true,
            "wait_for_jobs": false
          },
          "sensitive_attributes": [],
          "private": "eyJzY2hlbWFfdmVyc2lvbiI6IjEifQ==",
          "dependencies": [
            "helm_release.istio_base",
            "helm_release.istiod",
            "helm_release.prometheus",
            "kubernetes_namespace.istio_system"
          ]
        }
      ]
    },
    {
      "mode": "managed",
      "type": "helm_release",
      "name": "minio",
      "provider": "provider[\"registry.terraform.io/hashicorp/helm\"]",
      "instances": [
        {
          "schema_version": 1,
          "attributes": {
            "atomic": false,
            "chart": "minio",
            "cleanup_on_fail": false,
            "create_namespace": false,
            "dependency_update": false,
            "description": null,
            "devel": null,
            "disable_crd_hooks": false,
            "disable_openapi_validation": false,
            "disable_webhooks": false,
            "force_update": false,
            "id": "minio",
            "keyring": null,
            "lint": false,
            "manifest": null,
            "max_history": 0,
            "metadata": [
              {
                "app_version": "master",
                "chart": "minio",
                "name": "minio",
                "namespace": "default",
                "revision": 1,
                "values": "{\"accessKey\":\"minioadmin\",\"mode\":\"standalone\",\"secretKey\":\"minioadmin\"}",
                "version": "8.0.10"
              }
            ],
            "name": "minio",
            "namespace": "default",
            "pass_credentials": false,
            "postrender": [],
            "recreate_pods": false,
            "render_subchart_notes": true,
            "replace": false,
            "repository": "https://helm.min.io",
            "repository_ca_file": null,
            "repository_cert_file": null,
            "repository_key_file": null,
            "repository_password": null,
            "repository_username": null,
            "reset_values": false,
            "reuse_values": false,
            "set": [
              {
                "name": "accessKey",
                "type": "",
                "value": "minioadmin"
              },
              {
                "name": "mode",
                "type": "",
                "value": "standalone"
              },
              {
                "name": "secretKey",
                "type": "",
                "value": "minioadmin"
              }
            ],
            "set_list": [],
            "set_sensitive": [],
            "skip_crds": false,
            "status": "deployed",
            "timeout": 300,
            "values": null,
            "verify": false,
            "version": "8.0.10",
            "wait": true,
            "wait_for_jobs": false
          },
          "sensitive_attributes": [],
          "private": "eyJzY2hlbWFfdmVyc2lvbiI6IjEifQ=="
        }
      ]
    },
    {
      "mode": "managed",
      "type": "helm_release",
      "name": "mm_kafka",
      "provider": "provider[\"registry.terraform.io/hashicorp/helm\"]",
      "instances": [
        {
          "schema_version": 1,
          "attributes": {
            "atomic": false,
            "chart": "kafka",
            "cleanup_on_fail": false,
            "create_namespace": false,
            "dependency_update": false,
            "description": null,
            "devel": null,
            "disable_crd_hooks": false,
            "disable_openapi_validation": false,
            "disable_webhooks": false,
            "force_update": false,
            "id": "mm-kafka",
            "keyring": null,
            "lint": false,
            "manifest": null,
            "max_history": 0,
            "metadata": [
              {
                "app_version": "3.5.0",
                "chart": "kafka",
                "name": "mm-kafka",
                "namespace": "default",
                "revision": 1,
                "values": "{}",
                "version": "23.0.2"
              }
            ],
            "name": "mm-kafka",
            "namespace": "default",
            "pass_credentials": false,
            "postrender": [],
            "recreate_pods": false,
            "render_subchart_notes": true,
            "replace": false,
            "repository": "https://charts.bitnami.com/bitnami",
            "repository_ca_file": null,
            "repository_cert_file": null,
            "repository_key_file": null,
            "repository_password": null,
            "repository_username": null,
            "reset_values": false,
            "reuse_values": false,
            "set": [],
            "set_list": [],
            "set_sensitive": [],
            "skip_crds": false,
            "status": "deployed",
            "timeout": 300,
            "values": null,
            "verify": false,
            "version": "23.0.2",
            "wait": true,
            "wait_for_jobs": false
          },
          "sensitive_attributes": [],
          "private": "eyJzY2hlbWFfdmVyc2lvbiI6IjEifQ=="
        }
      ]
    },
    {
      "mode": "managed",
      "type": "helm_release",
      "name": "nginx_ingress",
      "provider": "provider[\"registry.terraform.io/hashicorp/helm\"]",
      "instances": [
        {
          "schema_version": 1,
          "attributes": {
            "atomic": false,
            "chart": "ingress-nginx",
            "cleanup_on_fail": false,
            "create_namespace": false,
            "dependency_update": false,
            "description": null,
            "devel": null,
            "disable_crd_hooks": false,
            "disable_openapi_validation": false,
            "disable_webhooks": false,
            "force_update": false,
            "id": "nginx-ingress",
            "keyring": null,
            "lint": false,
            "manifest": null,
            "max_history": 0,
            "metadata": [
              {
                "app_version": "1.8.1",
                "chart": "ingress-nginx",
                "name": "nginx-ingress",
                "namespace": "default",
                "revision": 1,
                "values": "{\"controller\":{\"hostNetwork\":true,\"service\":{\"nodePorts\":{\"http\":31293},\"type\":\"NodePort\"}}}",
                "version": "4.7.1"
              }
            ],
            "name": "nginx-ingress",
            "namespace": "default",
            "pass_credentials": false,
            "postrender": [],
            "recreate_pods": false,
            "render_subchart_notes": true,
            "replace": false,
            "repository": "https://kubernetes.github.io/ingress-nginx",
            "repository_ca_file": null,
            "repository_cert_file": null,
            "repository_key_file": null,
            "repository_password": null,
            "repository_username": null,
            "reset_values": false,
            "reuse_values": false,
            "set": [
              {
                "name": "controller.hostNetwork",
                "type": "",
                "value": "true"
              },
              {
                "name": "controller.service.nodePorts.http",
                "type": "",
                "value": "31293"
              },
              {
                "name": "controller.service.type",
                "type": "",
                "value": "NodePort"
              }
            ],
            "set_list": [],
            "set_sensitive": [],
            "skip_crds": false,
            "status": "deployed",
            "timeout": 300,
            "values": null,
            "verify": false,
            "version": "4.7.1",
            "wait": true,
            "wait_for_jobs": false
          },
          "sensitive_attributes": [],
          "private": "eyJzY2hlbWFfdmVyc2lvbiI6IjEifQ=="
        }
      ]
    },
    {
      "mode": "managed",
      "type": "helm_release",
      "name": "node_temeletry_processor",
      "provider": "provider[\"registry.terraform.io/hashicorp/helm\"]",
      "instances": [
        {
          "schema_version": 1,
          "attributes": {
            "atomic": false,
            "chart": "mm-telemetry-processor",
            "cleanup_on_fail": false,
            "create_namespace": false,
            "dependency_update": false,
            "description": null,
            "devel": null,
            "disable_crd_hooks": false,
            "disable_openapi_validation": false,
            "disable_webhooks": false,
            "force_update": false,
            "id": "mm-telemetry-processor",
            "keyring": null,
            "lint": false,
            "manifest": null,
            "max_history": 0,
            "metadata": [
              {
                "app_version": "1.16.0",
                "chart": "mm-telemetry-processor",
                "name": "mm-telemetry-processor",
                "namespace": "istio-service-mesh",
                "revision": 1,
                "values": "{\"podAnnotations\":{\"sidecar.istio.io/inject\":\"true\"}}",
                "version": "0.1.0"
              }
            ],
            "name": "mm-telemetry-processor",
            "namespace": "istio-service-mesh",
            "pass_credentials": false,
            "postrender": [],
            "recreate_pods": false,
            "render_subchart_notes": true,
            "replace": false,
            "repository": "https://polyhistor.github.io/helmChartsRepoForMetamycelium/nodejs-telemetry-processor-chart",
            "repository_ca_file": null,
            "repository_cert_file": null,
            "repository_key_file": null,
            "repository_password": null,
            "repository_username": null,
            "reset_values": false,
            "reuse_values": false,
            "set": [],
            "set_list": [],
            "set_sensitive": [],
            "skip_crds": false,
            "status": "deployed",
            "timeout": 300,
            "values": [
              "podAnnotations:\n  sidecar.istio.io/inject: \"true\"\n"
            ],
            "verify": false,
            "version": "0.1.0",
            "wait": true,
            "wait_for_jobs": false
          },
          "sensitive_attributes": [],
          "private": "eyJzY2hlbWFfdmVyc2lvbiI6IjEifQ=="
        }
      ]
    },
    {
      "mode": "managed",
      "type": "helm_release",
      "name": "prometheus",
      "provider": "provider[\"registry.terraform.io/hashicorp/helm\"]",
      "instances": [
        {
          "schema_version": 1,
          "attributes": {
            "atomic": false,
            "chart": "prometheus",
            "cleanup_on_fail": false,
            "create_namespace": false,
            "dependency_update": false,
            "description": null,
            "devel": null,
            "disable_crd_hooks": false,
            "disable_openapi_validation": false,
            "disable_webhooks": false,
            "force_update": false,
            "id": "prometheus",
            "keyring": null,
            "lint": false,
            "manifest": null,
            "max_history": 0,
            "metadata": [
              {
                "app_version": "v2.45.0",
                "chart": "prometheus",
                "name": "prometheus",
                "namespace": "istio-system",
                "revision": 1,
                "values": "{}",
                "version": "23.1.0"
              }
            ],
            "name": "prometheus",
            "namespace": "istio-system",
            "pass_credentials": false,
            "postrender": [],
            "recreate_pods": false,
            "render_subchart_notes": true,
            "replace": false,
            "repository": "https://prometheus-community.github.io/helm-charts",
            "repository_ca_file": null,
            "repository_cert_file": null,
            "repository_key_file": null,
            "repository_password": null,
            "repository_username": null,
            "reset_values": false,
            "reuse_values": false,
            "set": [],
            "set_list": [],
            "set_sensitive": [],
            "skip_crds": false,
            "status": "deployed",
            "timeout": 300,
            "values": null,
            "verify": false,
            "version": "23.1.0",
            "wait": true,
            "wait_for_jobs": false
          },
          "sensitive_attributes": [],
          "private": "eyJzY2hlbWFfdmVyc2lvbiI6IjEifQ==",
          "dependencies": [
            "helm_release.istio_base",
            "helm_release.istiod",
            "kubernetes_namespace.istio_system"
          ]
        }
      ]
    },
    {
      "mode": "managed",
      "type": "helm_release",
      "name": "vault",
      "provider": "provider[\"registry.terraform.io/hashicorp/helm\"]",
      "instances": [
        {
          "schema_version": 1,
          "attributes": {
            "atomic": false,
            "chart": "vault",
            "cleanup_on_fail": false,
            "create_namespace": false,
            "dependency_update": false,
            "description": null,
            "devel": null,
            "disable_crd_hooks": false,
            "disable_openapi_validation": false,
            "disable_webhooks": false,
            "force_update": false,
            "id": "vault",
            "keyring": null,
            "lint": false,
            "manifest": null,
            "max_history": 0,
            "metadata": [
              {
                "app_version": "1.14.0",
                "chart": "vault",
                "name": "vault",
                "namespace": "default",
                "revision": 1,
                "values": "{\"server\":{\"dev\":{\"enabled\":true},\"ingress\":{\"enabled\":true}},\"ui\":{\"enabled\":true}}",
                "version": "0.25.0"
              }
            ],
            "name": "vault",
            "namespace": "default",
            "pass_credentials": false,
            "postrender": [],
            "recreate_pods": false,
            "render_subchart_notes": true,
            "replace": false,
            "repository": "https://helm.releases.hashicorp.com",
            "repository_ca_file": null,
            "repository_cert_file": null,
            "repository_key_file": null,
            "repository_password": null,
            "repository_username": null,
            "reset_values": false,
            "reuse_values": false,
            "set": [
              {
                "name": "server.dev.enabled",
                "type": "",
                "value": "true"
              },
              {
                "name": "server.ingress.enabled",
                "type": "",
                "value": "true"
              },
              {
                "name": "ui.enabled",
                "type": "",
                "value": "true"
              }
            ],
            "set_list": [],
            "set_sensitive": [],
            "skip_crds": false,
            "status": "deployed",
            "timeout": 300,
            "values": null,
            "verify": false,
            "version": "0.25.0",
            "wait": true,
            "wait_for_jobs": false
          },
          "sensitive_attributes": [],
          "private": "eyJzY2hlbWFfdmVyc2lvbiI6IjEifQ=="
        }
      ]
    },
    {
      "mode": "managed",
      "type": "k8s_networking_istio_io_envoy_filter_v1alpha3",
      "name": "minimal",
      "provider": "provider[\"registry.terraform.io/metio/k8s\"]",
      "instances": [
        {
          "schema_version": 0,
          "attributes": {
            "api_version": "networking.istio.io/v1alpha3",
            "id": 1689239690588267970,
            "kind": "EnvoyFilter",
            "metadata": {
              "annotations": null,
              "labels": null,
              "name": "ext-authz",
              "namespace": "istio-system"
            },
            "spec": {
              "config_patches": [
                {
                  "apply_to": "HTTP_FILTER",
                  "match": {
                    "cluster": null,
                    "context": "SIDECAR_INBOUND",
                    "listener": {
                      "filter_chain": {
                        "application_protocols": null,
                        "destination_port": null,
                        "filter": {
                          "name": "envoy.filters.network.http_connection_manager",
                          "sub_filter": {
                            "name": "envoy.filters.http.router"
                          }
                        },
                        "name": null,
                        "sni": null,
                        "transport_protocol": null
                      },
                      "listener_filter": null,
                      "name": null,
                      "port_name": null,
                      "port_number": null
                    },
                    "proxy": null,
                    "route_configuration": null
                  },
                  "patch": {
                    "filter_class": null,
                    "operation": "INSERT_BEFORE",
                    "value": {
                      "value": {
                        "name": "envoy.ext_authz",
                        "typed_config": {
                          "@type": "type.googleapis.com/envoy.extensions.filters.http.ext_authz.v3.ExtAuthz",
                          "grpc_service": {
                            "google_grpc": {
                              "stat_prefix": "ext_authz",
                              "target_uri": "127.0.0.1:9191"
                            }
                          },
                          "status_on_error": {
                            "code": "ServiceUnavailable"
                          },
                          "transport_api_version": "V3",
                          "with_request_body": {
                            "allow_partial_message": true,
                            "max_request_bytes": 8192
                          }
                        }
                      },
                      "type": [
                        "object",
                        {
                          "name": "string",
                          "typed_config": [
                            "object",
                            {
                              "@type": "string",
                              "grpc_service": [
                                "object",
                                {
                                  "google_grpc": [
                                    "object",
                                    {
                                      "stat_prefix": "string",
                                      "target_uri": "string"
                                    }
                                  ]
                                }
                              ],
                              "status_on_error": [
                                "object",
                                {
                                  "code": "string"
                                }
                              ],
                              "transport_api_version": "string",
                              "with_request_body": [
                                "object",
                                {
                                  "allow_partial_message": "bool",
                                  "max_request_bytes": "number"
                                }
                              ]
                            }
                          ]
                        }
                      ]
                    }
                  }
                }
              ],
              "priority": null,
              "workload_selector": null
            },
            "yaml": "apiVersion: networking.istio.io/v1alpha3\nkind: EnvoyFilter\nmetadata:\n    name: ext-authz\n    namespace: istio-system\nspec:\n    configPatches:\n        - applyTo: HTTP_FILTER\n          match:\n            context: SIDECAR_INBOUND\n            listener:\n                filterChain:\n                    filter:\n                        name: envoy.filters.network.http_connection_manager\n                        subFilter:\n                            name: envoy.filters.http.router\n          patch:\n            operation: INSERT_BEFORE\n            value:\n                name: envoy.ext_authz\n                typed_config:\n                    '@type': type.googleapis.com/envoy.extensions.filters.http.ext_authz.v3.ExtAuthz\n                    grpc_service:\n                        google_grpc:\n                            stat_prefix: ext_authz\n                            target_uri: 127.0.0.1:9191\n                    status_on_error:\n                        code: ServiceUnavailable\n                    transport_api_version: V3\n                    with_request_body:\n                        allow_partial_message: true\n                        max_request_bytes: 8192\n"
          },
          "sensitive_attributes": []
        }
      ]
    },
    {
      "mode": "managed",
      "type": "kubernetes_config_map",
      "name": "inject_policy",
      "provider": "provider[\"registry.terraform.io/hashicorp/kubernetes\"]",
      "instances": [
        {
          "schema_version": 0,
          "attributes": {
            "binary_data": {},
            "data": {
              "inject.rego": "    package istio\n\n    uid := input.request.uid\n\n    inject = {\n      \"apiVersion\": \"admission.k8s.io/v1\",\n      \"kind\": \"AdmissionReview\",\n      \"response\": {\n        \"allowed\": true,\n        \"uid\": uid,\n        \"patchType\": \"JSONPatch\",\n        \"patch\": base64.encode(json.marshal(patch)),\n      },\n    }\n\n    patch = [{\n      \"op\": \"add\",\n      \"path\": \"/spec/containers/-\",\n      \"value\": opa_container,\n    }, {\n      \"op\": \"add\",\n      \"path\": \"/spec/volumes/-\",\n      \"value\": opa_config_volume,\n    }, {\n      \"op\": \"add\",\n      \"path\": \"/spec/volumes/-\",\n      \"value\": opa_policy_volume,\n    }]\n\n    opa_container = {\n      \"image\": \"openpolicyagent/opa:latest-istio\",\n      \"name\": \"opa-istio\",\n      \"args\": [\n        \"run\",\n        \"--server\",\n        \"--config-file=/config/config.yaml\",\n        \"--addr=localhost:8181\",\n        \"--diagnostic-addr=0.0.0.0:8282\",\n        \"/policy/policy.rego\",\n      ],\n      \"volumeMounts\": [{\n        \"mountPath\": \"/config\",\n        \"name\": \"opa-istio-config\",\n      }, {\n        \"mountPath\": \"/policy\",\n        \"name\": \"opa-policy\",\n      }],\n      \"readinessProbe\": {\n        \"httpGet\": {\n          \"path\": \"/health?plugins\",\n          \"port\": 8282,\n        },\n      },\n      \"livenessProbe\": {\n        \"httpGet\": {\n          \"path\": \"/health?plugins\",\n          \"port\": 8282,\n        },\n      }\n    }\n\n    opa_config_volume = {\n      \"name\": \"opa-istio-config\",\n      \"configMap\": {\"name\": \"opa-istio-config\"},\n    }\n\n    opa_policy_volume = {\n      \"name\": \"opa-policy\",\n      \"configMap\": {\"name\": \"opa-policy\"},\n    }\n"
            },
            "id": "opa-istio/inject-policy",
            "immutable": false,
            "metadata": [
              {
                "annotations": {},
                "generate_name": "",
                "generation": 0,
                "labels": {},
                "name": "inject-policy",
                "namespace": "opa-istio",
                "resource_version": "4929",
                "uid": "42ebda9d-1bd7-455b-8966-6810669489d6"
              }
            ]
          },
          "sensitive_attributes": [],
          "private": "bnVsbA=="
        }
      ]
    },
    {
      "mode": "managed",
      "type": "kubernetes_deployment",
      "name": "kafka_rest_proxy",
      "provider": "provider[\"registry.terraform.io/hashicorp/kubernetes\"]",
      "instances": [
        {
          "schema_version": 1,
          "attributes": {
            "id": "default/kafka-rest-proxy",
            "metadata": [
              {
                "annotations": {},
                "generate_name": "",
                "generation": 1,
                "labels": {
                  "app": "kafka-rest-proxy"
                },
                "name": "kafka-rest-proxy",
                "namespace": "default",
                "resource_version": "2246",
                "uid": "61fb412a-ff26-4e94-ab50-d89d3ca35c57"
              }
            ],
            "spec": [
              {
                "min_ready_seconds": 0,
                "paused": false,
                "progress_deadline_seconds": 600,
                "replicas": "1",
                "revision_history_limit": 10,
                "selector": [
                  {
                    "match_expressions": [],
                    "match_labels": {
                      "app": "kafka-rest-proxy"
                    }
                  }
                ],
                "strategy": [
                  {
                    "rolling_update": [
                      {
                        "max_surge": "25%",
                        "max_unavailable": "25%"
                      }
                    ],
                    "type": "RollingUpdate"
                  }
                ],
                "template": [
                  {
                    "metadata": [
                      {
                        "annotations": {},
                        "generate_name": "",
                        "generation": 0,
                        "labels": {
                          "app": "kafka-rest-proxy"
                        },
                        "name": "",
                        "namespace": "",
                        "resource_version": "",
                        "uid": ""
                      }
                    ],
                    "spec": [
                      {
                        "active_deadline_seconds": 0,
                        "affinity": [],
                        "automount_service_account_token": true,
                        "container": [
                          {
                            "args": [],
                            "command": [],
                            "env": [
                              {
                                "name": "KAFKA_REST_HOST_NAME",
                                "value": "kafka-rest-proxy",
                                "value_from": []
                              },
                              {
                                "name": "KAFKA_REST_BOOTSTRAP_SERVERS",
                                "value": "PLAINTEXT://mm-kafka.default.svc.cluster.local:9092",
                                "value_from": []
                              },
                              {
                                "name": "KAFKA_REST_LISTENERS",
                                "value": "http://0.0.0.0:8082",
                                "value_from": []
                              }
                            ],
                            "env_from": [],
                            "image": "confluentinc/cp-kafka-rest",
                            "image_pull_policy": "Always",
                            "lifecycle": [],
                            "liveness_probe": [],
                            "name": "kafka-rest-proxy",
                            "port": [],
                            "readiness_probe": [],
                            "resources": [
                              {
                                "limits": {},
                                "requests": {}
                              }
                            ],
                            "security_context": [],
                            "startup_probe": [],
                            "stdin": false,
                            "stdin_once": false,
                            "termination_message_path": "/dev/termination-log",
                            "termination_message_policy": "File",
                            "tty": false,
                            "volume_mount": [],
                            "working_dir": ""
                          }
                        ],
                        "dns_config": [],
                        "dns_policy": "ClusterFirst",
                        "enable_service_links": true,
                        "host_aliases": [],
                        "host_ipc": false,
                        "host_network": false,
                        "host_pid": false,
                        "hostname": "",
                        "image_pull_secrets": [],
                        "init_container": [],
                        "node_name": "",
                        "node_selector": {},
                        "priority_class_name": "",
                        "readiness_gate": [],
                        "restart_policy": "Always",
                        "runtime_class_name": "",
                        "scheduler_name": "default-scheduler",
                        "security_context": [],
                        "service_account_name": "",
                        "share_process_namespace": false,
                        "subdomain": "",
                        "termination_grace_period_seconds": 30,
                        "toleration": [],
                        "topology_spread_constraint": [],
                        "volume": []
                      }
                    ]
                  }
                ]
              }
            ],
            "timeouts": null,
            "wait_for_rollout": true
          },
          "sensitive_attributes": [],
          "private": "eyJlMmJmYjczMC1lY2FhLTExZTYtOGY4OC0zNDM2M2JjN2M0YzAiOnsiY3JlYXRlIjo2MDAwMDAwMDAwMDAsImRlbGV0ZSI6NjAwMDAwMDAwMDAwLCJ1cGRhdGUiOjYwMDAwMDAwMDAwMH0sInNjaGVtYV92ZXJzaW9uIjoiMSJ9"
        }
      ]
    },
    {
      "mode": "managed",
      "type": "kubernetes_deployment",
      "name": "keycloak",
      "provider": "provider[\"registry.terraform.io/hashicorp/kubernetes\"]",
      "instances": [
        {
          "schema_version": 1,
          "attributes": {
            "id": "default/keycloak",
            "metadata": [
              {
                "annotations": {},
                "generate_name": "",
                "generation": 1,
                "labels": {
                  "app": "keycloak"
                },
                "name": "keycloak",
                "namespace": "default",
                "resource_version": "1768",
                "uid": "7e46c019-04c5-4df4-a70b-ae27d4c81e82"
              }
            ],
            "spec": [
              {
                "min_ready_seconds": 0,
                "paused": false,
                "progress_deadline_seconds": 600,
                "replicas": "1",
                "revision_history_limit": 10,
                "selector": [
                  {
                    "match_expressions": [],
                    "match_labels": {
                      "app": "keycloak"
                    }
                  }
                ],
                "strategy": [
                  {
                    "rolling_update": [
                      {
                        "max_surge": "25%",
                        "max_unavailable": "25%"
                      }
                    ],
                    "type": "RollingUpdate"
                  }
                ],
                "template": [
                  {
                    "metadata": [
                      {
                        "annotations": {},
                        "generate_name": "",
                        "generation": 0,
                        "labels": {
                          "app": "keycloak"
                        },
                        "name": "",
                        "namespace": "",
                        "resource_version": "",
                        "uid": ""
                      }
                    ],
                    "spec": [
                      {
                        "active_deadline_seconds": 0,
                        "affinity": [],
                        "automount_service_account_token": true,
                        "container": [
                          {
                            "args": [
                              "start-dev"
                            ],
                            "command": [],
                            "env": [
                              {
                                "name": "KEYCLOAK_ADMIN",
                                "value": "admin",
                                "value_from": []
                              },
                              {
                                "name": "KEYCLOAK_ADMIN_PASSWORD",
                                "value": "admin",
                                "value_from": []
                              },
                              {
                                "name": "KC_HTTP_RELATIVE_PATH",
                                "value": "/keycloak",
                                "value_from": []
                              },
                              {
                                "name": "KC_PROXY",
                                "value": "passthrough",
                                "value_from": []
                              }
                            ],
                            "env_from": [],
                            "image": "quay.io/keycloak/keycloak:21.1.1",
                            "image_pull_policy": "IfNotPresent",
                            "lifecycle": [],
                            "liveness_probe": [],
                            "name": "keycloak",
                            "port": [
                              {
                                "container_port": 8080,
                                "host_ip": "",
                                "host_port": 0,
                                "name": "http",
                                "protocol": "TCP"
                              }
                            ],
                            "readiness_probe": [],
                            "resources": [
                              {
                                "limits": {},
                                "requests": {}
                              }
                            ],
                            "security_context": [],
                            "startup_probe": [],
                            "stdin": false,
                            "stdin_once": false,
                            "termination_message_path": "/dev/termination-log",
                            "termination_message_policy": "File",
                            "tty": false,
                            "volume_mount": [],
                            "working_dir": ""
                          }
                        ],
                        "dns_config": [],
                        "dns_policy": "ClusterFirst",
                        "enable_service_links": true,
                        "host_aliases": [],
                        "host_ipc": false,
                        "host_network": false,
                        "host_pid": false,
                        "hostname": "",
                        "image_pull_secrets": [],
                        "init_container": [],
                        "node_name": "",
                        "node_selector": {},
                        "priority_class_name": "",
                        "readiness_gate": [],
                        "restart_policy": "Always",
                        "runtime_class_name": "",
                        "scheduler_name": "default-scheduler",
                        "security_context": [],
                        "service_account_name": "",
                        "share_process_namespace": false,
                        "subdomain": "",
                        "termination_grace_period_seconds": 30,
                        "toleration": [],
                        "topology_spread_constraint": [],
                        "volume": []
                      }
                    ]
                  }
                ]
              }
            ],
            "timeouts": null,
            "wait_for_rollout": true
          },
          "sensitive_attributes": [],
          "private": "eyJlMmJmYjczMC1lY2FhLTExZTYtOGY4OC0zNDM2M2JjN2M0YzAiOnsiY3JlYXRlIjo2MDAwMDAwMDAwMDAsImRlbGV0ZSI6NjAwMDAwMDAwMDAwLCJ1cGRhdGUiOjYwMDAwMDAwMDAwMH0sInNjaGVtYV92ZXJzaW9uIjoiMSJ9"
        }
      ]
    },
    {
      "mode": "managed",
      "type": "kubernetes_ingress_v1",
      "name": "kafka_rest_proxy_ingress",
      "provider": "provider[\"registry.terraform.io/hashicorp/kubernetes\"]",
      "instances": [
        {
          "schema_version": 0,
          "attributes": {
            "id": "default/kafka-rest-proxy-ingress",
            "metadata": [
              {
                "annotations": {
                  "nginx.ingress.kubernetes.io/rewrite-target": "/$2",
                  "nginx.ingress.kubernetes.io/use-regex": "true"
                },
                "generate_name": "",
                "generation": 1,
                "labels": {},
                "name": "kafka-rest-proxy-ingress",
                "namespace": "default",
                "resource_version": "2233",
                "uid": "66cb75ad-e1bd-4d2d-8ee7-4dd4dc04b5c7"
              }
            ],
            "spec": [
              {
                "default_backend": [],
                "ingress_class_name": "nginx",
                "rule": [
                  {
                    "host": "localhost",
                    "http": [
                      {
                        "path": [
                          {
                            "backend": [
                              {
                                "resource": [],
                                "service": [
                                  {
                                    "name": "kafka-rest-proxy",
                                    "port": [
                                      {
                                        "name": "",
                                        "number": 8082
                                      }
                                    ]
                                  }
                                ]
                              }
                            ],
                            "path": "/kafka-rest-proxy(/|$)(.*)",
                            "path_type": "ImplementationSpecific"
                          },
                          {
                            "backend": [
                              {
                                "resource": [],
                                "service": [
                                  {
                                    "name": "kiali",
                                    "port": [
                                      {
                                        "name": "",
                                        "number": 20001
                                      }
                                    ]
                                  }
                                ]
                              }
                            ],
                            "path": "/kiali(/|$)(.*)",
                            "path_type": "Prefix"
                          }
                        ]
                      }
                    ]
                  }
                ],
                "tls": []
              }
            ],
            "status": [
              {
                "load_balancer": [
                  {
                    "ingress": [
                      {
                        "hostname": "",
                        "ip": "10.96.165.243"
                      }
                    ]
                  }
                ]
              }
            ],
            "timeouts": null,
            "wait_for_load_balancer": false
          },
          "sensitive_attributes": [],
          "private": "eyJlMmJmYjczMC1lY2FhLTExZTYtOGY4OC0zNDM2M2JjN2M0YzAiOnsiY3JlYXRlIjoxMjAwMDAwMDAwMDAwLCJkZWxldGUiOjEyMDAwMDAwMDAwMDB9fQ=="
        }
      ]
    },
    {
      "mode": "managed",
      "type": "kubernetes_ingress_v1",
      "name": "keycloak_ingress",
      "provider": "provider[\"registry.terraform.io/hashicorp/kubernetes\"]",
      "instances": [
        {
          "schema_version": 0,
          "attributes": {
            "id": "default/keycloak-ingress",
            "metadata": [
              {
                "annotations": {},
                "generate_name": "",
                "generation": 1,
                "labels": {},
                "name": "keycloak-ingress",
                "namespace": "default",
                "resource_version": "2234",
                "uid": "6882b540-241e-4a73-8f8f-52fe14f4a991"
              }
            ],
            "spec": [
              {
                "default_backend": [],
                "ingress_class_name": "nginx",
                "rule": [
                  {
                    "host": "localhost",
                    "http": [
                      {
                        "path": [
                          {
                            "backend": [
                              {
                                "resource": [],
                                "service": [
                                  {
                                    "name": "keycloak",
                                    "port": [
                                      {
                                        "name": "",
                                        "number": 8080
                                      }
                                    ]
                                  }
                                ]
                              }
                            ],
                            "path": "/keycloak",
                            "path_type": "ImplementationSpecific"
                          }
                        ]
                      }
                    ]
                  }
                ],
                "tls": []
              }
            ],
            "status": [
              {
                "load_balancer": [
                  {
                    "ingress": [
                      {
                        "hostname": "",
                        "ip": "10.96.165.243"
                      }
                    ]
                  }
                ]
              }
            ],
            "timeouts": null,
            "wait_for_load_balancer": false
          },
          "sensitive_attributes": [],
          "private": "eyJlMmJmYjczMC1lY2FhLTExZTYtOGY4OC0zNDM2M2JjN2M0YzAiOnsiY3JlYXRlIjoxMjAwMDAwMDAwMDAwLCJkZWxldGUiOjEyMDAwMDAwMDAwMDB9fQ=="
        }
      ]
    },
    {
      "mode": "managed",
      "type": "kubernetes_namespace",
      "name": "istio_service_mesh",
      "provider": "provider[\"registry.terraform.io/hashicorp/kubernetes\"]",
      "instances": [
        {
          "schema_version": 0,
          "attributes": {
            "id": "istio-service-mesh",
            "metadata": [
              {
                "annotations": {},
                "generate_name": "",
                "generation": 0,
                "labels": {
                  "istio-injection": "true"
                },
                "name": "istio-service-mesh",
                "resource_version": "1335",
                "uid": "2cae16db-4a6b-4a00-809b-061ba8bbb2e2"
              }
            ],
            "timeouts": null
          },
          "sensitive_attributes": [],
          "private": "eyJlMmJmYjczMC1lY2FhLTExZTYtOGY4OC0zNDM2M2JjN2M0YzAiOnsiZGVsZXRlIjozMDAwMDAwMDAwMDB9fQ=="
        }
      ]
    },
    {
      "mode": "managed",
      "type": "kubernetes_namespace",
      "name": "istio_system",
      "provider": "provider[\"registry.terraform.io/hashicorp/kubernetes\"]",
      "instances": [
        {
          "schema_version": 0,
          "attributes": {
            "id": "istio-system",
            "metadata": [
              {
                "annotations": {},
                "generate_name": "",
                "generation": 0,
                "labels": {
                  "istio-injection": "true"
                },
                "name": "istio-system",
                "resource_version": "1372",
                "uid": "c4acb0e0-09ef-4f9b-a0b1-a08d05b8b19f"
              }
            ],
            "timeouts": null
          },
          "sensitive_attributes": [],
          "private": "eyJlMmJmYjczMC1lY2FhLTExZTYtOGY4OC0zNDM2M2JjN2M0YzAiOnsiZGVsZXRlIjozMDAwMDAwMDAwMDB9fQ=="
        }
      ]
    },
    {
      "mode": "managed",
      "type": "kubernetes_namespace",
      "name": "opa_istio_service_mesh",
      "provider": "provider[\"registry.terraform.io/hashicorp/kubernetes\"]",
      "instances": [
        {
          "schema_version": 0,
          "attributes": {
            "id": "opa-istio",
            "metadata": [
              {
                "annotations": {},
                "generate_name": "",
                "generation": 0,
                "labels": {},
                "name": "opa-istio",
                "resource_version": "2599",
                "uid": "5d291dc4-c405-45ff-a995-ada7f62bdbaa"
              }
            ],
            "timeouts": null
          },
          "sensitive_attributes": [],
          "private": "eyJlMmJmYjczMC1lY2FhLTExZTYtOGY4OC0zNDM2M2JjN2M0YzAiOnsiZGVsZXRlIjozMDAwMDAwMDAwMDB9fQ=="
        }
      ]
    },
    {
      "mode": "managed",
      "type": "kubernetes_secret",
      "name": "opa_istio_cert",
      "provider": "provider[\"registry.terraform.io/hashicorp/kubernetes\"]",
      "instances": [
        {
          "schema_version": 0,
          "attributes": {
            "binary_data": null,
            "data": {
              "tls.crt": "LS0tLS1CRUdJTiBDRVJUSUZJQ0FURS0tLS0tCk1JSUZZRENDQTBpZ0F3SUJBZ0lKQUlWYlFzL2o3\nVmJDTUEwR0NTcUdTSWIzRFFFQkN3VUFNQnN4R1RBWEJnTlYKQkFNTUVFOVFRU0JGYm5admVTQndi\nSFZuYVc0d0hoY05NakF4TVRJek1UQTBORE00V2hjTk1qVXhNVEl5TVRBMApORE00V2pBVU1SSXdF\nQVlEVlFRRERBbHZjR0V0Wlc1MmIza3dnZ0lpTUEwR0NTcUdTSWIzRFFFQkFRVUFBNElDCkR3QXdn\nZ0lLQW9JQ0FRRCtsK2FpNUlBelZxc3U0RlFtNkRJclZaNTVHV2ZRbkFiUGxLbzl5VEtTOHhRNVBN\nNkoKMHI4S2RtNE5FckdlRUVSTEN6cW1HdW9ORGhxaWwwQTZNVFd3aG4rbXFNSVNTQjU1ZmVUMEtr\nZWNYOUtrLy84OQoxM3hRMFU5VmlNSi9sK3RvRXBBUHJwVGNYSTByVDdBYUZwTmRrSDY0MmJCR1JI\nbXBkK1lpWFRjVGZ5cXo2ZHZlCndlbmROcERQckI5UHc5N1k5amxUbXZTaTVpVFZqMitZSmd3a21L\nQnRGVHNqVkdIT2VmZ0FIcURob0M4TmhocDAKYUxqTTNzaGhpM2JUd1A2VjVOT212dnVLUm1tN3pm\nazdMVUJZTkxYNmZYSXpDcFIxUEpBeGdra01UWlA2Y1hFNAordm4xako3bS9lZHFZVHUyK242dEdQ\nWFVST2FZKzNNTkVNbm4xY1ZzMVRLQ25jbmFnU3RvcUZ3bmhWak4yNlV1CjE3c1puZitsNXFPd0di\nTmNseDdIckY2SHNpU2hBKzEzOE5pbUt4bmZtQ3l2YnZJOHBYMUkxMXV5SzB6Wmg2Mk4KRHBPdU1E\nVWFGQldkR05veGNwNXFEcHNWancxUzJCWWpkZlduTzVjZWc5WnNzSmNNVXFhOHRIdVF3ejBERjhv\ncQpyeGI4MFZOMDUzcWlpQnVCUGg4MVpRQnZFeitTMERFakdPcUNnMGxPV0hMWTdLanBSbUh5TVo5\nK0Z0NHRNQU91Cm9CaUFzYmdoSnVMREZ5bklHcUNQNS91OHN3QTdSUHlKODFuWnV1TWZKVTlHUnF1\nOUgydlEzczRXYzlFRXZaZGkKNnZhTCticXlSNFJyNlg0YXpnb1ZGRlA1dzR4WTBCR1Z4WWN6cWlS\nTnc4cHRlNm5SWlhsZk5iT1NOUUlEQVFBQgpvNEd0TUlHcU1BNEdBMVVkRHdFQi93UUVBd0lEdURB\nVEJnTlZIU1VFRERBS0JnZ3JCZ0VGQlFjREFUQWRCZ05WCkhRNEVGZ1FVS1hTN2tUR2FlOHRLWVp2\nUkxSUzV4U0h3cTRFd05RWURWUjBqQkM0d0xLRWZwQjB3R3pFWk1CY0cKQTFVRUF3d1FUMUJCSUVW\ndWRtOTVJSEJzZFdkcGJvSUpBTmFPYlFCRlAwMWlNQzBHQTFVZEVRUW1NQ1NDSW1GawpiV2x6YzJs\ndmJpMWpiMjUwY205c2JHVnlMbTl3WVMxcGMzUnBieTV6ZG1Nd0RRWUpLb1pJaHZjTkFRRUxCUUFE\nCmdnSUJBS3RxZWY0dE12R3hCZU0xKy9GZTRxOVYrOUpuMHFKb1A0aWVTQXB3aGtxekFKYllJUno2\nVkNrK2V2WkUKWHZ2MjVCQmVOSUQwd2pXb1hEdHdTMVgrQ0hkN0J5TEdLNjZEMitwZXpFN0hDenhD\nRUxKNCtpWXRjS3JVQTR2ZQpXbkVnSW5qa1Vpb3kwZkRkWmVUWG5ISUlpeTlJVVZEVDlxN2xHalE0\nYXhiSUd6NkczY2VHUStYOVFCMDAzMzNICm82emY5a1Frc1hQam00dWpsOVV2Z1JkNDVZQW04Y3FK\ncTRqb3hHQjdGMVpUMVJYbkdKeXYvd3FOSk04VGQ5UGoKYXNiN0lCa09Lelh4VmREWE5UZmNLWU44\nTzNFQkwwVGo0VExtM1VKUmNxeGhFNk1ZVXJvRTYvZHIybHh0ZzRZLwo1SmpYWjBiQ2ZyTnh5UFIz\nNTEyNDRPWnVQMzM0ajhDOXg1cU1YaDZUMzhpS01GWmxwNmpjMEdZTUdzK3pBNGNlCk5GWk9RMjF6\nZE9vR2NQS2d3NDJjd09iU1ZaRUl0NFJIN0hVcDdDV1pCK0VpTXQxZUVKa1VkeE5jUFl3VlBmdSsK\nZ2JJV3Y2ZUl6VkJJOElBdHdUQTBFcmU1RGxQQmYyTnJOclB1cmZzYjJiZ21CUTFJREN6V29yUnE2\nWG1UMWUregovM1JSYVJpVUx4TmFub2szTGdSa09oWDZqR3FiM1gxRjhwdHNiK1BHUnlXcDVkdS9D\nUEFucGZ3VnVtbzQ4bXBxCkRJSWRMMVBLZk1DZFlrMGFLZ0xUVnU0bDI2N1B4cklpaGs4SHFRWFdQ\nYVp5NDJ0UlVaOXZFNWZoblNwMXpGQUsKcTNaMVcxVDdpMkNQdmFuNTlGckhlUG9ia0Z2Z1M4M3Zu\nVXFIM2h6aGZ1QlpDMmNmCi0tLS0tRU5EIENFUlRJRklDQVRFLS0tLS0K",
              "tls.key": "LS0tLS1CRUdJTiBSU0EgUFJJVkFURSBLRVktLS0tLQpNSUlKS0FJQkFBS0NBZ0VBL3BmbW91U0FN\nMWFyTHVCVUp1Z3lLMVdlZVJsbjBKd0d6NVNxUGNreWt2TVVPVHpPCmlkSy9Dblp1RFJLeG5oQkVT\nd3M2cGhycURRNGFvcGRBT2pFMXNJWi9wcWpDRWtnZWVYM2s5Q3BIbkYvU3BQLy8KUGRkOFVORlBW\nWWpDZjVmcmFCS1FENjZVM0Z5TkswK3dHaGFUWFpCK3VObXdSa1I1cVhmbUlsMDNFMzhxcytuYgoz\nc0hwM1RhUXo2d2ZUOFBlMlBZNVU1cjBvdVlrMVk5dm1DWU1KSmlnYlJVN0kxUmh6bm40QUI2ZzRh\nQXZEWVlhCmRHaTR6TjdJWVl0MjA4RCtsZVRUcHI3N2lrWnB1ODM1T3kxQVdEUzErbjF5TXdxVWRU\neVFNWUpKREUyVCtuRngKT1ByNTlZeWU1djNuYW1FN3R2cCtyUmoxMUVUbW1QdHpEUkRKNTlYRmJO\nVXlncDNKMm9FcmFLaGNKNFZZemR1bApMdGU3R1ozL3BlYWpzQm16WEpjZXg2eGVoN0lrb1FQdGQv\nRFlwaXNaMzVnc3IyN3lQS1Y5U05kYnNpdE0yWWV0CmpRNlRyakExR2hRVm5SamFNWEtlYWc2YkZZ\nOE5VdGdXSTNYMXB6dVhIb1BXYkxDWERGS212TFI3a01NOUF4ZksKS3E4Vy9ORlRkT2Q2b29nYmdU\nNGZOV1VBYnhNL2t0QXhJeGpxZ29OSlRsaHkyT3lvNlVaaDhqR2ZmaGJlTFRBRApycUFZZ0xHNElT\nYml3eGNweUJxZ2orZjd2TE1BTzBUOGlmTloyYnJqSHlWUFJrYXJ2UjlyME43T0ZuUFJCTDJYCll1\ncjJpL202c2tlRWErbCtHczRLRlJSVCtjT01XTkFSbGNXSE02b2tUY1BLYlh1cDBXVjVYeld6a2pV\nQ0F3RUEKQVFLQ0FnQUJGWFoyNVJBaXA5RE12MG04YktxaUFwaE5IYTJTZHNlVXBLWmc0dlZqS01Q\nQ1JwNytlVFkwL2pJVAp2aXVoWjZKU3kzWnhkSlhnZmxuZ3JWSXByVUgwUVc1VHNFNDdNN0ZsaFFL\ndmcycVFvTnZOdGdWSkp4eXhYMksrCkUzbjRmeFlTZUZuQ3AxU2M1NHYyVGoyS3J1UHJ0d3pERHJJ\nd2FtUTJNM3Q0VS90REN2eU1qWWRSR0hROWE5a0wKK1VpYzExR2dqTlBMcGxJNlMwNkcxamg4WmxV\nUTV0RndCWEllQVdMMU5SRzRObWtxN0xxbWpSYVp2a1JqSXVPcApmcVYvMjBkNkxlSTB5SVZibmxj\nZTVJNldFT2hBTitFNmNzUkVzVnZXYis2Uk4yUEdPS0pUbzUzK3h4cS9UOXp4ClVNMW1aNG1RaXRw\nMU5ERC91VmRkK1Z3UkJ5eEUzVGlsem1jdGZBejdyQnhaTFhKRlJDQzRMUXZ2NExveVhtTTIKSGV5\nWTJkRUhPNUxGbVZrWGJSTHM2MHhhVGcxQ1JVL3ZxTjhDd3NteDhnVWp4N1dxYjVGTjdkZ3J3MXhL\nOFlvWApNQXNwRml4bTU3QlREZVhlUnlNa1VoanlEVjhCQ3l6TzVaL2RDTERwb1BveXZFeU1La3hv\nUWxiUWNKcGtHL2RXCmw0U2d0UkRjRExlVGhyaTRlVFlDbS9uZjN5cmlicFpVZjBSRzMwejBBV1dS\nSWEvcGZNOUM0OUZ0M1NtREdQbjIKMkRSUEhyampVT21mRTB4R1VLbmkrQ3VvZ2RJdEhnZXR1U0tY\nTUl0emNxTkhFRE5kdlJNdlpaZk5UNEpvWUVIbwp5OWRVa0dlME1vbEdhWm80Q0tIcFZ2UjlYNE5n\na080dFBKK1h3TE1wUGYveWI0TFRJUUtDQVFFQS82TWpSOVVnCjRhQy9RZ1c5L0dxSHMyUnRRZEtU\nZFhNeExsQnl1OWFtbEJyQS9kQUpZem5XckpZNytmVzh2ZzBCOHI4a1A2cmUKQmZvY3F4RmRrcS9J\nRTl0L3JHTGJWa2lDTVRKMU80ak9jZHhKVlZGRTIwd001cmRwZE9scWp6SUE3TURiSXFiZwpEYm9n\naHVqZC8rd3dDclI2eG1jeGlkSHZXMzZOM0YzY05QTnk5MVFlS1lrWjVBc2ZVRUxBdFA1QnRUb0dC\nZkFHCkF1bExmdWVnZ2IxczU1NTBJb3Vwc2lydGhRMTdobC9mc05vSWd4eE14aHUrUUpRWjFEZlll\nL096YzNJMy9sOFUKcDBzWmRROTlONmF3L3hTUGZ1Wi8ya2FucjNUazJ3NXdyeW1VUkxXMEkzSHRu\nMENmRVVHeGphbWNLaU5Qd25wTwpWVHYydy90eWdnOEhiUUtDQVFFQS92UmlSNlVPQnZpNjBRVkpt\nUzV5Zm5nNlJ5TnIrb2NodE9NSndLQklkRVg3ClpCV3lQMVdIbEYrYStFalhSWXdJb01SRy9maUZi\nK1F1NjZtVVBPd0NwdElvSy9JTS9ROUFWaVhEQUpwemdkZE0KQzZnNFErVmFVTWd2MGZTZEZZSWZR\nd3RxY0JZcnlJZzJPQ3c5clBXNEI5WURnUWhXV3FTK09OeW1CejJacFRlTQpYdjVBUDlQVDN1N2hu\ncTgyVHdybWMzQjNmTzBpTmhEL295cnNoYUtZVWxqRjAxNmVpWkdVajdUbmlXNW5mLzczCnZ3ZDhH\nR0RPeWxMR2pLTUtCNzgxc0RyK1F4aEV4R2puZTlFaHFtNGF1b3A2Q1VvMVhDK0p3allua3VIaHgy\nT1MKUHBMUjZlRjJ0eWYzV0RPYXozNFhyVE5PQkRqV1pPY0doclYvRjJzUTZRS0NBUUVBeEJBREJ4\nelhVelZPZXZ5YwpjZlBpa0J2K0QvWEpVdE0rYlI4V1lDcUpLQjQ4MW0yd1JZSWV1OCtkd0dCUW1o\nS3Y0OVhsbjA4VmFkQWlITEg4CjZud1hIK1BCVUIyaHk5Tmd4d3JFRHgwbCtQM1M0TFNyOHVXcEgy\ncWNYeWFHcTd6V0tMN2hVdnBaN1MxTHRTejAKMTB2MnJMOHZTdXZxZXFHZ3lyT05hZTR5N2dtcHF6\nZkF5bXAwaVFwZXdkZndwT0E4MVJuamRMcGFZZkU4RGVEbwpvWmorNWNZSm5GVXhtWXlERHdFQU5G\nZGo0T2ZZajNZdEMrUkxUb3hJSXhPUjNiOVRhciszWWtqYU5sVEsrWlVmCm5JY2tTUDhqNzFncHh1\nZFp4S0FLeGxlVTVVTW1qR3d2OU45ME9DZi8xK1Jpb1J2c3dnVERMNDFPZHVDK3FpRTMKK2JnOUlR\nS0NBUUJDdExnK0hJNVYvcUFLYmtLNlpHK3FiVlI2Sm1kckRnNGdvTUo5ZHJKZVVhMGJtNTJlZW9k\nVgpwOG9KS2kzQTBZbTBYb1pnanJTQytRWFp2TzIvSHRUMnhzZWg3OXU4SGxCcitjZFNraGFrb3lz\nUFpiMEs3cWc1CnVKYmliUWpvaHJvZE5aQnNzVEJWY0dZWFBtUUlxK1d4anlvdGlYdm1qWElEdUo5\nc0I0NzZybFQ0eWJjUHZDR1UKRTVaT2lYTkJMUTNzcUVGckd6UTNSeTFMaU1DSG1tb1dLWW5nNnNH\nNkpxL2pCYWNLeXlzalR4ZU5FSzFFUjVmegpVY01IS3VWRjc1NWhkSjN2K2hxTDlSS1R6N3pxTlpL\naXVmYUNGYnR1V2pYRjdadGZEK0NkNVl4dStNVVpWMWRUClJvNnRzaHJRTFNLT3UzeXZHQnZvSEpZ\nVmlza3MzR041QW9JQkFFYURHb1JmTHhRSmxHMEUyd21YRjY5ZGpuRzgKMXdPWkxaTHI4RGRuME1E\nVGY0OXBtZ0VISW5vOUxVOTEyWkVqelMxQmFaN1hqUkluTFV0TlU0WDU2V3ViWHpzVwpNc3gvSDBr\ndGcxN21QcFE0d0FZNGtpZHU1cHpEdUJnek9XWHNVMFE5ZWhoU1dLWmxvcW1GaHNVbUtqaVhCQnk3\nCjI3WjZET2xmMTlZeWJkR2I4WmNGb0plRUZ1YVFEN25KWll5cFFTNXAxdmR1MUNtVDRLeklNZjBt\nSm9FT0JmcFQKWDQ4ZmFDNXAvN2tQaThaeG9CMlNrTWd1UzR0bDdsdjdBUE1UTjRzajVuRGtGWUN0\nL2l5UXZsUWR0bjYvRXFrawo3Q2MwOUpzN2k4SUNFekwrY01UZHg0SmFkTVVISDRuSFhSeDFlSkQ4\nWUFVTTBLTXp0bEdYSys0VjkyWT0KLS0tLS1FTkQgUlNBIFBSSVZBVEUgS0VZLS0tLS0K"
            },
            "id": "opa-istio/server-cert",
            "immutable": false,
            "metadata": [
              {
                "annotations": {},
                "generate_name": "",
                "generation": 0,
                "labels": {},
                "name": "server-cert",
                "namespace": "opa-istio",
                "resource_version": "2603",
                "uid": "58c54a08-4475-48f6-a6ab-005ce3297dfc"
              }
            ],
            "timeouts": null,
            "type": "Opaque",
            "wait_for_service_account_token": true
          },
          "sensitive_attributes": [],
          "private": "eyJlMmJmYjczMC1lY2FhLTExZTYtOGY4OC0zNDM2M2JjN2M0YzAiOnsiY3JlYXRlIjo2MDAwMDAwMDAwMH19"
        }
      ]
    },
    {
      "mode": "managed",
      "type": "kubernetes_service",
      "name": "admission_controller",
      "provider": "provider[\"registry.terraform.io/hashicorp/kubernetes\"]",
      "instances": [
        {
          "schema_version": 1,
          "attributes": {
            "id": "opa-istio/admission-controller",
            "metadata": [
              {
                "annotations": null,
                "generate_name": "",
                "generation": 0,
                "labels": {
                  "app": "admission-controller"
                },
                "name": "admission-controller",
                "namespace": "opa-istio",
                "resource_version": "6622",
                "uid": "0b9134ab-f9aa-4dd5-81a9-cc14ebe6767c"
              }
            ],
            "spec": [
              {
                "allocate_load_balancer_node_ports": true,
                "cluster_ip": "10.96.199.117",
                "cluster_ips": [
                  "10.96.199.117"
                ],
                "external_ips": null,
                "external_name": "",
                "external_traffic_policy": "",
                "health_check_node_port": 0,
                "internal_traffic_policy": "Cluster",
                "ip_families": [
                  "IPv4"
                ],
                "ip_family_policy": "SingleStack",
                "load_balancer_class": "",
                "load_balancer_ip": "",
                "load_balancer_source_ranges": null,
                "port": [
                  {
                    "app_protocol": "",
                    "name": "https",
                    "node_port": 0,
                    "port": 443,
                    "protocol": "TCP",
                    "target_port": "8443"
                  }
                ],
                "publish_not_ready_addresses": false,
                "selector": {
                  "app": "admission-controller"
                },
                "session_affinity": "None",
                "session_affinity_config": [],
                "type": "ClusterIP"
              }
            ],
            "status": [
              {
                "load_balancer": [
                  {
                    "ingress": []
                  }
                ]
              }
            ],
            "timeouts": null,
            "wait_for_load_balancer": true
          },
          "sensitive_attributes": [],
          "private": "eyJlMmJmYjczMC1lY2FhLTExZTYtOGY4OC0zNDM2M2JjN2M0YzAiOnsiY3JlYXRlIjo2MDAwMDAwMDAwMDB9LCJzY2hlbWFfdmVyc2lvbiI6IjEifQ=="
        }
      ]
    },
    {
      "mode": "managed",
      "type": "kubernetes_service",
      "name": "kafka_rest_proxy",
      "provider": "provider[\"registry.terraform.io/hashicorp/kubernetes\"]",
      "instances": [
        {
          "schema_version": 1,
          "attributes": {
            "id": "default/kafka-rest-proxy",
            "metadata": [
              {
                "annotations": {},
                "generate_name": "",
                "generation": 0,
                "labels": {},
                "name": "kafka-rest-proxy",
                "namespace": "default",
                "resource_version": "1354",
                "uid": "c63e8887-276e-4d0e-85d0-83e707151e5c"
              }
            ],
            "spec": [
              {
                "allocate_load_balancer_node_ports": true,
                "cluster_ip": "10.96.158.144",
                "cluster_ips": [
                  "10.96.158.144"
                ],
                "external_ips": [],
                "external_name": "",
                "external_traffic_policy": "",
                "health_check_node_port": 0,
                "internal_traffic_policy": "Cluster",
                "ip_families": [
                  "IPv4"
                ],
                "ip_family_policy": "SingleStack",
                "load_balancer_class": "",
                "load_balancer_ip": "",
                "load_balancer_source_ranges": [],
                "port": [
                  {
                    "app_protocol": "",
                    "name": "",
                    "node_port": 0,
                    "port": 8082,
                    "protocol": "TCP",
                    "target_port": "8082"
                  }
                ],
                "publish_not_ready_addresses": false,
                "selector": {
                  "app": "kafka-rest-proxy"
                },
                "session_affinity": "None",
                "session_affinity_config": [],
                "type": "ClusterIP"
              }
            ],
            "status": [
              {
                "load_balancer": [
                  {
                    "ingress": []
                  }
                ]
              }
            ],
            "timeouts": null,
            "wait_for_load_balancer": true
          },
          "sensitive_attributes": [],
          "private": "eyJlMmJmYjczMC1lY2FhLTExZTYtOGY4OC0zNDM2M2JjN2M0YzAiOnsiY3JlYXRlIjo2MDAwMDAwMDAwMDB9LCJzY2hlbWFfdmVyc2lvbiI6IjEifQ=="
        }
      ]
    },
    {
      "mode": "managed",
      "type": "kubernetes_service",
      "name": "keycloak",
      "provider": "provider[\"registry.terraform.io/hashicorp/kubernetes\"]",
      "instances": [
        {
          "schema_version": 1,
          "attributes": {
            "id": "default/keycloak",
            "metadata": [
              {
                "annotations": {},
                "generate_name": "",
                "generation": 0,
                "labels": {
                  "app": "keycloak"
                },
                "name": "keycloak",
                "namespace": "default",
                "resource_version": "1367",
                "uid": "0fc09735-5051-4996-bb37-e90b0fc7a918"
              }
            ],
            "spec": [
              {
                "allocate_load_balancer_node_ports": true,
                "cluster_ip": "10.96.17.179",
                "cluster_ips": [
                  "10.96.17.179"
                ],
                "external_ips": [],
                "external_name": "",
                "external_traffic_policy": "",
                "health_check_node_port": 0,
                "internal_traffic_policy": "Cluster",
                "ip_families": [
                  "IPv4"
                ],
                "ip_family_policy": "SingleStack",
                "load_balancer_class": "",
                "load_balancer_ip": "",
                "load_balancer_source_ranges": [],
                "port": [
                  {
                    "app_protocol": "",
                    "name": "http",
                    "node_port": 0,
                    "port": 8080,
                    "protocol": "TCP",
                    "target_port": "8080"
                  }
                ],
                "publish_not_ready_addresses": false,
                "selector": {
                  "app": "keycloak"
                },
                "session_affinity": "None",
                "session_affinity_config": [],
                "type": "ClusterIP"
              }
            ],
            "status": [
              {
                "load_balancer": [
                  {
                    "ingress": []
                  }
                ]
              }
            ],
            "timeouts": null,
            "wait_for_load_balancer": true
          },
          "sensitive_attributes": [],
          "private": "eyJlMmJmYjczMC1lY2FhLTExZTYtOGY4OC0zNDM2M2JjN2M0YzAiOnsiY3JlYXRlIjo2MDAwMDAwMDAwMDB9LCJzY2hlbWFfdmVyc2lvbiI6IjEifQ=="
        }
      ]
    }
  ],
  "check_results": null
}
